
Microsoft Visual Studio Solution File, Format Version 12.00
# Visual Studio Version 17
VisualStudioVersion = 17.2.32616.157
MinimumVisualStudioVersion = 10.0.40219.1
Project("{8BC9CEB8-8B4A-11D0-8D11-00A0C91BC942}") = "LAba1", "LAba1\LAba1.vcxproj", "{44AEDBCF-938E-46EE-8A41-3168CB3B53D4}"
EndProject
Global
	GlobalSection(SolutionConfigurationPlatforms) = preSolution
		Debug|x64 = Debug|x64
		Debug|x86 = Debug|x86
		Release|x64 = Release|x64
		Release|x86 = Release|x86
	EndGlobalSection
	GlobalSection(ProjectConfigurationPlatforms) = postSolution
		{44AEDBCF-938E-46EE-8A41-3168CB3B53D4}.Debug|x64.ActiveCfg = Debug|x64
		{44AEDBCF-938E-46EE-8A41-3168CB3B53D4}.Debug|x64.Build.0 = Debug|x64
		{44AEDBCF-938E-46EE-8A41-3168CB3B53D4}.Debug|x86.ActiveCfg = Debug|Win32
		{44AEDBCF-938E-46EE-8A41-3168CB3B53D4}.Debug|x86.Build.0 = Debug|Win32
		{44AEDBCF-938E-46EE-8A41-3168CB3B53D4}.Release|x64.ActiveCfg = Release|x64
		{44AEDBCF-938E-46EE-8A41-3168CB3B53D4}.Release|x64.Build.0 = Release|x64
		{44AEDBCF-938E-46EE-8A41-3168CB3B53D4}.Release|x86.ActiveCfg = Release|Win32
		{44AEDBCF-938E-46EE-8A41-3168CB3B53D4}.Release|x86.Build.0 = Release|Win32
	EndGlobalSection
	GlobalSection(SolutionProperties) = preSolution
		HideSolutionNode = FALSE
	EndGlobalSection
	GlobalSection(ExtensibilityGlobals) = postSolution
		SolutionGuid = {48907124-B608-49FF-806C-05B77D82FE31}
	EndGlobalSection
EndGlobal
